{
  "name": "twitter-stream-globe",
  "version": "0.0.1",
  "lockfileVersion": 1,
  "requires": true,
  "dependencies": {
    "accepts": {
      "version": "1.0.1",
      "resolved": "https://registry.npmjs.org/accepts/-/accepts-1.0.1.tgz",
      "integrity": "sha1-weBtYT5iRrqHRnjW2bkjibfOMQw=",
      "requires": {
        "mime": "~1.2.11",
        "negotiator": "~0.4.0"
      }
    },
    "agentkeepalive": {
      "version": "0.2.4",
      "resolved": "https://registry.npmjs.org/agentkeepalive/-/agentkeepalive-0.2.4.tgz",
      "integrity": "sha1-0T7e5OAZD2E/Ej5/+dl3j3kzluY="
    },
    "async": {
      "version": "0.2.9",
      "resolved": "https://registry.npmjs.org/async/-/async-0.2.9.tgz",
      "integrity": "sha1-32MGD789Myhqdqr21Vophtn/hhk="
    },
    "body-parser": {
      "version": "1.0.2",
      "resolved": "https://registry.npmjs.org/body-parser/-/body-parser-1.0.2.tgz",
      "integrity": "sha1-NGFHmjJ4/gD8rr7DMUu1T8T3tHw=",
      "requires": {
        "qs": "~0.6.6",
        "raw-body": "~1.1.2",
        "type-is": "~1.1.0"
      }
    },
    "buffer-crc32": {
      "version": "0.2.1",
      "resolved": "https://registry.npmjs.org/buffer-crc32/-/buffer-crc32-0.2.1.tgz",
      "integrity": "sha1-vj5TgvwCttYySVasGvmKqYsIU0w="
    },
    "bytes": {
      "version": "1.0.0",
      "resolved": "https://registry.npmjs.org/bytes/-/bytes-1.0.0.tgz",
      "integrity": "sha1-NWnt6Lo0MV+rmcPpLLBMciDeH6g="
    },
    "cookie": {
      "version": "0.1.0",
      "resolved": "https://registry.npmjs.org/cookie/-/cookie-0.1.0.tgz",
      "integrity": "sha1-kOtGndzpBchm3mh+/EMTHYgB+dA="
    },
    "cookie-parser": {
      "version": "1.0.1",
      "resolved": "https://registry.npmjs.org/cookie-parser/-/cookie-parser-1.0.1.tgz",
      "integrity": "sha1-F71iLJcXzQhYqRKp/vTANiNgp7A=",
      "requires": {
        "cookie": "0.1.0",
        "cookie-signature": "1.0.3"
      }
    },
    "cookie-signature": {
      "version": "1.0.3",
      "resolved": "https://registry.npmjs.org/cookie-signature/-/cookie-signature-1.0.3.tgz",
      "integrity": "sha1-kc2ZfMUftkFZVzjGnNoCAyj1D/k="
    },
    "debug": {
      "version": "0.7.4",
      "resolved": "https://registry.npmjs.org/debug/-/debug-0.7.4.tgz",
      "integrity": "sha1-BuHqgILCyxTjmAbiLi9vdX+Srzk="
    },
    "ejs": {
      "version": "0.8.8",
      "resolved": "https://registry.npmjs.org/ejs/-/ejs-0.8.8.tgz",
      "integrity": "sha1-/9xW3MNdApJt1QrRNDm7xUBh1Zg="
    },
    "escape-html": {
      "version": "1.0.1",
      "resolved": "https://registry.npmjs.org/escape-html/-/escape-html-1.0.1.tgz",
      "integrity": "sha1-GBoobq05ejmpKFfPsdQwUuNWv/A="
    },
    "etag": {
      "version": "1.8.1",
      "resolved": "https://registry.npmjs.org/etag/-/etag-1.8.1.tgz",
      "integrity": "sha1-Qa4u62XvpiJorr/qg6x9eSmbCIc="
    },
    "express": {
      "version": "4.2.0",
      "resolved": "https://registry.npmjs.org/express/-/express-4.2.0.tgz",
      "integrity": "sha1-MSGZOkUSZpPov4l677TdeDdi3GA=",
      "requires": {
        "accepts": "1.0.1",
        "buffer-crc32": "0.2.1",
        "cookie": "0.1.2",
        "cookie-signature": "1.0.3",
        "debug": "0.8.1",
        "escape-html": "1.0.1",
        "fresh": "0.2.2",
        "merge-descriptors": "0.0.2",
        "methods": "1.0.0",
        "parseurl": "1.0.1",
        "path-to-regexp": "0.1.2",
        "qs": "0.6.6",
        "range-parser": "1.0.0",
        "send": "0.3.0",
        "serve-static": "1.1.0",
        "type-is": "1.1.0",
        "utils-merge": "1.0.0"
      },
      "dependencies": {
        "cookie": {
          "version": "0.1.2",
          "resolved": "https://registry.npmjs.org/cookie/-/cookie-0.1.2.tgz",
          "integrity": "sha1-cv7D0k5Io0Mgc9kMEmQgBQYQBLE="
        },
        "debug": {
          "version": "0.8.1",
          "resolved": "https://registry.npmjs.org/debug/-/debug-0.8.1.tgz",
          "integrity": "sha1-IP9NJvXkIstoobrLu2EDmtjBwTA="
        }
      }
    },
    "fresh": {
      "version": "0.2.2",
      "resolved": "https://registry.npmjs.org/fresh/-/fresh-0.2.2.tgz",
      "integrity": "sha1-lzHc9WeMf660T7kDxPct9VGH+nc="
    },
    "ini": {
      "version": "1.3.5",
      "resolved": "https://registry.npmjs.org/ini/-/ini-1.3.5.tgz",
      "integrity": "sha512-RZY5huIKCMRWDUqZlEi72f/lmXKMvuszcMBduliQ3nnWbx9X/ZBQO7DijMEYS9EhHBb2qacRUMtC7svLwe0lcw=="
    },
    "lodash": {
      "version": "4.17.15",
      "resolved": "https://registry.npmjs.org/lodash/-/lodash-4.17.15.tgz",
      "integrity": "sha512-8xOcRHvCjnocdS5cpwXQXVzmmh5e5+saE2QGoeQmbKmRS6J3VQppPOIt0MnmE+4xlZoumy0GPG0D0MVIQbNA1A=="
    },
    "lodash.assign": {
      "version": "4.0.1",
      "resolved": "https://registry.npmjs.org/lodash.assign/-/lodash.assign-4.0.1.tgz",
      "integrity": "sha1-jn/wIGiXqZ3KMvyBIzCfXEwscx4=",
      "requires": {
        "lodash.keys": "^4.0.0",
        "lodash.rest": "^4.0.0"
      }
    },
    "lodash.keys": {
      "version": "4.2.0",
      "resolved": "https://registry.npmjs.org/lodash.keys/-/lodash.keys-4.2.0.tgz",
      "integrity": "sha1-oIYCrBLk+4P5H8H7ejYKTZujUgU="
    },
    "lodash.rest": {
      "version": "4.0.5",
      "resolved": "https://registry.npmjs.org/lodash.rest/-/lodash.rest-4.0.5.tgz",
      "integrity": "sha1-lU73UEkmIDjJbR/Jiyj9r58Hcqo="
    },
    "merge-descriptors": {
      "version": "0.0.2",
      "resolved": "https://registry.npmjs.org/merge-descriptors/-/merge-descriptors-0.0.2.tgz",
      "integrity": "sha1-w2pSp4FDdRPFcnXzndnTF1FKyMc="
    },
    "methods": {
      "version": "1.0.0",
      "resolved": "https://registry.npmjs.org/methods/-/methods-1.0.0.tgz",
      "integrity": "sha1-mnPYY3XfzvJu9hyj5Lii4lOKgOM="
    },
    "mime": {
      "version": "1.2.11",
      "resolved": "https://registry.npmjs.org/mime/-/mime-1.2.11.tgz",
      "integrity": "sha1-WCA+7Ybjpe8XrtK32evUfwpg3RA="
    },
    "minimist": {
      "version": "0.0.10",
      "resolved": "https://registry.npmjs.org/minimist/-/minimist-0.0.10.tgz",
      "integrity": "sha1-3j+YVD2/lggr5IrRoMfNqDYwHc8="
    },
    "moment": {
      "version": "2.24.0",
      "resolved": "https://registry.npmjs.org/moment/-/moment-2.24.0.tgz",
      "integrity": "sha512-bV7f+6l2QigeBBZSM/6yTNq4P2fNpSWj/0e7jQcy87A8e7o2nAfP/34/2ky5Vw4B9S446EtIhodAzkFCcR4dQg=="
    },
    "morgan": {
      "version": "1.0.1",
      "resolved": "https://registry.npmjs.org/morgan/-/morgan-1.0.1.tgz",
      "integrity": "sha1-glCl1xHeYlRTAilFNE1NZ2JjDGQ=",
      "requires": {
        "bytes": "0.3.0"
      },
      "dependencies": {
        "bytes": {
          "version": "0.3.0",
          "resolved": "https://registry.npmjs.org/bytes/-/bytes-0.3.0.tgz",
          "integrity": "sha1-eOLg4ox/nHuYjqiu4NtNX6mUGTU="
        }
      }
    },
    "ms": {
      "version": "2.1.1",
      "resolved": "https://registry.npmjs.org/ms/-/ms-2.1.1.tgz",
      "integrity": "sha512-tgp+dl5cGk28utYktBsrFqA7HKgrhgPsg6Z/EfhWI4gl1Hwq8B/GmY/0oXZ6nF8hDVesS/FpnYaD/kOWhYQvyg=="
    },
    "nconf": {
      "version": "0.6.9",
      "resolved": "https://registry.npmjs.org/nconf/-/nconf-0.6.9.tgz",
      "integrity": "sha1-lXDvFe1vmuays8jV5xtm0xk81mE=",
      "requires": {
        "async": "0.2.9",
        "ini": "1.x.x",
        "optimist": "0.6.0"
      }
    },
    "negotiator": {
      "version": "0.4.9",
      "resolved": "https://registry.npmjs.org/negotiator/-/negotiator-0.4.9.tgz",
      "integrity": "sha1-kuRrbbU8fkIe1koryU8IvnYw3z8="
    },
    "node-compass": {
      "version": "0.2.3",
      "resolved": "https://registry.npmjs.org/node-compass/-/node-compass-0.2.3.tgz",
      "integrity": "sha1-FHp6vHM5ICEb4feheCXEFVjdKQY="
    },
    "oauth": {
      "version": "0.9.9",
      "resolved": "https://registry.npmjs.org/oauth/-/oauth-0.9.9.tgz",
      "integrity": "sha1-7/EAAWHbZBrgyCbZl4mV83xG6Gk="
    },
    "optimist": {
      "version": "0.6.0",
      "resolved": "https://registry.npmjs.org/optimist/-/optimist-0.6.0.tgz",
      "integrity": "sha1-aUJIJvNAX3nxQub8PZrljU27kgA=",
      "requires": {
        "minimist": "~0.0.1",
        "wordwrap": "~0.0.2"
      }
    },
    "parseurl": {
      "version": "1.0.1",
      "resolved": "https://registry.npmjs.org/parseurl/-/parseurl-1.0.1.tgz",
      "integrity": "sha1-Llfc5u/dN8NRhwEDCUTCK/OIt7Q="
    },
    "path-to-regexp": {
      "version": "0.1.2",
      "resolved": "https://registry.npmjs.org/path-to-regexp/-/path-to-regexp-0.1.2.tgz",
      "integrity": "sha1-mysVH5zDAYye6lDKlXKeBXgXErQ="
    },
    "pubnub": {
      "version": "3.16.5",
      "resolved": "https://registry.npmjs.org/pubnub/-/pubnub-3.16.5.tgz",
      "integrity": "sha1-7+DKaNbFFS58X2fQGaZYQsktIyc=",
      "requires": {
        "agentkeepalive": "~0.2",
        "lodash": "^4.1.0"
      }
    },
    "qs": {
      "version": "0.6.6",
      "resolved": "https://registry.npmjs.org/qs/-/qs-0.6.6.tgz",
      "integrity": "sha1-bgFQmP9RlouKPIGQAdXyyJvEsQc="
    },
    "range-parser": {
      "version": "1.0.0",
      "resolved": "https://registry.npmjs.org/range-parser/-/range-parser-1.0.0.tgz",
      "integrity": "sha1-pLJkz+C+XONqvjdlrJwqJIdG28A="
    },
    "raw-body": {
      "version": "1.1.7",
      "resolved": "https://registry.npmjs.org/raw-body/-/raw-body-1.1.7.tgz",
      "integrity": "sha1-HQJ8K/oRasxmI7yo8AAWVyqH1CU=",
      "requires": {
        "bytes": "1",
        "string_decoder": "0.10"
      }
    },
    "safe-buffer": {
      "version": "5.1.1",
      "resolved": "https://registry.npmjs.org/safe-buffer/-/safe-buffer-5.1.1.tgz",
      "integrity": "sha512-kKvNJn6Mm93gAczWVJg7wH+wGYWNrDHdWvpUmHyEsgCtIwwo3bqPtV4tR5tuPaUhTOo/kvhVwd8XwwOllGYkbg=="
    },
    "send": {
      "version": "0.3.0",
      "resolved": "https://registry.npmjs.org/send/-/send-0.3.0.tgz",
      "integrity": "sha1-lxgyRjSAb8dbxPj15R9X2dZmBuc=",
      "requires": {
        "buffer-crc32": "0.2.1",
        "debug": "0.8.0",
        "fresh": "~0.2.1",
        "mime": "1.2.11",
        "range-parser": "~1.0.0"
      },
      "dependencies": {
        "debug": {
          "version": "0.8.0",
          "resolved": "https://registry.npmjs.org/debug/-/debug-0.8.0.tgz",
          "integrity": "sha1-BUHqkfDlA/3wxe7UGKMlUCNJZ/A="
        }
      }
    },
    "sentiment": {
      "version": "1.0.6",
      "resolved": "https://registry.npmjs.org/sentiment/-/sentiment-1.0.6.tgz",
      "integrity": "sha1-9glsYnHwIPSQ1YtUqK/VmNuKy7E=",
      "requires": {
        "lodash.assign": "4.0.1"
      }
    },
    "serve-favicon": {
      "version": "2.5.0",
      "resolved": "https://registry.npmjs.org/serve-favicon/-/serve-favicon-2.5.0.tgz",
      "integrity": "sha1-k10kDN/g9YBTB/3+ln2IlCosvPA=",
      "requires": {
        "etag": "~1.8.1",
        "fresh": "0.5.2",
        "ms": "2.1.1",
        "parseurl": "~1.3.2",
        "safe-buffer": "5.1.1"
      },
      "dependencies": {
        "fresh": {
          "version": "0.5.2",
          "resolved": "https://registry.npmjs.org/fresh/-/fresh-0.5.2.tgz",
          "integrity": "sha1-PYyt2Q2XZWn6g1qx+OSyOhBWBac="
        },
        "parseurl": {
          "version": "1.3.3",
          "resolved": "https://registry.npmjs.org/parseurl/-/parseurl-1.3.3.tgz",
          "integrity": "sha512-CiyeOxFT/JZyN5m0z9PfXw4SCBJ6Sygz1Dpl0wqjlhDEGGBP1GnsUVEL0p63hoG1fcj3fHynXi9NYO4nWOL+qQ=="
        }
      }
    },
    "serve-static": {
      "version": "1.1.0",
      "resolved": "https://registry.npmjs.org/serve-static/-/serve-static-1.1.0.tgz",
      "integrity": "sha1-RU36Bbs93U5wGokVuDoniqkcVkM=",
      "requires": {
        "parseurl": "1.0.1",
        "send": "0.3.0"
      }
    },
    "string_decoder": {
      "version": "0.10.31",
      "resolved": "https://registry.npmjs.org/string_decoder/-/string_decoder-0.10.31.tgz",
      "integrity": "sha1-YuIDvEF2bGwoyfyEMB2rHFMQ+pQ="
    },
    "twit": {
      "version": "1.1.20",
      "resolved": "https://registry.npmjs.org/twit/-/twit-1.1.20.tgz",
      "integrity": "sha1-Fw5n0Bh5hILK8pmN1Mb48py1SGE=",
      "requires": {
        "oauth": "0.9.9"
      }
    },
    "type-is": {
      "version": "1.1.0",
      "resolved": "https://registry.npmjs.org/type-is/-/type-is-1.1.0.tgz",
      "integrity": "sha1-0CReyLJnZmjVndDPMlUGBnalfbY=",
      "requires": {
        "mime": "~1.2.11"
      }
    },
    "utils-merge": {
      "version": "1.0.0",
      "resolved": "https://registry.npmjs.org/utils-merge/-/utils-merge-1.0.0.tgz",
      "integrity": "sha1-ApT7kiu5N1FTVBxPcJYjHyh8ivg="
    },
    "wordwrap": {
      "version": "0.0.3",
      "resolved": "https://registry.npmjs.org/wordwrap/-/wordwrap-0.0.3.tgz",
      "integrity": "sha1-o9XabNXAvAAI03I0u68b7WMFkQc="
    }
  }
}
